
Microsoft Visual Studio Solution File, Format Version 12.00
# Visual Studio Version 17
VisualStudioVersion = 17.14.36301.6 d17.14
MinimumVisualStudioVersion = 10.0.40219.1
Project("{FAE04EC0-301F-11D3-BF4B-00C04F79EFBC}") = "InventoryMgmt.MVC", "InventoryMgmt.MVC\InventoryMgmt.MVC.csproj", "{7A9DFB3D-C24A-46A1-932F-64BC5F4415BE}"
EndProject
Project("{FAE04EC0-301F-11D3-BF4B-00C04F79EFBC}") = "InventoryMgmt.BLL", "InventoryMgmt.BLL\InventoryMgmt.BLL.csproj", "{49834B9F-0EBE-4316-BC46-B5E5A00119E8}"
EndProject
Project("{FAE04EC0-301F-11D3-BF4B-00C04F79EFBC}") = "InventoryMgmt.DAL", "InventoryMgmt.DAL\InventoryMgmt.DAL.csproj", "{1C51A8D4-E1A6-48DE-8E50-15EF8D1CFCE6}"
EndProject
Global
	GlobalSection(SolutionConfigurationPlatforms) = preSolution
		Debug|Any CPU = Debug|Any CPU
		Release|Any CPU = Release|Any CPU
	EndGlobalSection
	GlobalSection(ProjectConfigurationPlatforms) = postSolution
		{7A9DFB3D-C24A-46A1-932F-64BC5F4415BE}.Debug|Any CPU.ActiveCfg = Debug|Any CPU
		{7A9DFB3D-C24A-46A1-932F-64BC5F4415BE}.Debug|Any CPU.Build.0 = Debug|Any CPU
		{7A9DFB3D-C24A-46A1-932F-64BC5F4415BE}.Release|Any CPU.ActiveCfg = Release|Any CPU
		{7A9DFB3D-C24A-46A1-932F-64BC5F4415BE}.Release|Any CPU.Build.0 = Release|Any CPU
		{49834B9F-0EBE-4316-BC46-B5E5A00119E8}.Debug|Any CPU.ActiveCfg = Debug|Any CPU
		{49834B9F-0EBE-4316-BC46-B5E5A00119E8}.Debug|Any CPU.Build.0 = Debug|Any CPU
		{49834B9F-0EBE-4316-BC46-B5E5A00119E8}.Release|Any CPU.ActiveCfg = Release|Any CPU
		{49834B9F-0EBE-4316-BC46-B5E5A00119E8}.Release|Any CPU.Build.0 = Release|Any CPU
		{1C51A8D4-E1A6-48DE-8E50-15EF8D1CFCE6}.Debug|Any CPU.ActiveCfg = Debug|Any CPU
		{1C51A8D4-E1A6-48DE-8E50-15EF8D1CFCE6}.Debug|Any CPU.Build.0 = Debug|Any CPU
		{1C51A8D4-E1A6-48DE-8E50-15EF8D1CFCE6}.Release|Any CPU.ActiveCfg = Release|Any CPU
		{1C51A8D4-E1A6-48DE-8E50-15EF8D1CFCE6}.Release|Any CPU.Build.0 = Release|Any CPU
	EndGlobalSection
	GlobalSection(SolutionProperties) = preSolution
		HideSolutionNode = FALSE
	EndGlobalSection
	GlobalSection(ExtensibilityGlobals) = postSolution
		SolutionGuid = {D0298CD1-DAC4-43CD-B2DC-FC9695A7C811}
	EndGlobalSection
EndGlobal
